<<<<<<< HEAD
﻿
Microsoft Visual Studio Solution File, Format Version 12.00
# Visual Studio 14
VisualStudioVersion = 14.0.25420.1
MinimumVisualStudioVersion = 10.0.40219.1
Project("{FAE04EC0-301F-11D3-BF4B-00C04F79EFBC}") = "HealthApp", "HealthApp\HealthApp.csproj", "{ECF7B68F-DD66-45D3-B2A1-F2C11C28DDE5}"
=======

Microsoft Visual Studio Solution File, Format Version 12.00
# Visual Studio 2012
Project("{FAE04EC0-301F-11D3-BF4B-00C04F79EFBC}") = "HealthApp", "HealthApp\HealthApp.csproj", "{4E0BB7B4-C14A-401B-AC50-A9D27960335A}"
>>>>>>> 6c4f1f6... testing
EndProject
Global
	GlobalSection(SolutionConfigurationPlatforms) = preSolution
		Debug|Any CPU = Debug|Any CPU
		Release|Any CPU = Release|Any CPU
	EndGlobalSection
	GlobalSection(ProjectConfigurationPlatforms) = postSolution
<<<<<<< HEAD
		{ECF7B68F-DD66-45D3-B2A1-F2C11C28DDE5}.Debug|Any CPU.ActiveCfg = Debug|Any CPU
		{ECF7B68F-DD66-45D3-B2A1-F2C11C28DDE5}.Debug|Any CPU.Build.0 = Debug|Any CPU
		{ECF7B68F-DD66-45D3-B2A1-F2C11C28DDE5}.Release|Any CPU.ActiveCfg = Release|Any CPU
		{ECF7B68F-DD66-45D3-B2A1-F2C11C28DDE5}.Release|Any CPU.Build.0 = Release|Any CPU
	EndGlobalSection
	GlobalSection(SolutionProperties) = preSolution
		HideSolutionNode = FALSE
=======
		{4E0BB7B4-C14A-401B-AC50-A9D27960335A}.Debug|Any CPU.ActiveCfg = Debug|Any CPU
		{4E0BB7B4-C14A-401B-AC50-A9D27960335A}.Debug|Any CPU.Build.0 = Debug|Any CPU
		{4E0BB7B4-C14A-401B-AC50-A9D27960335A}.Release|Any CPU.ActiveCfg = Release|Any CPU
		{4E0BB7B4-C14A-401B-AC50-A9D27960335A}.Release|Any CPU.Build.0 = Release|Any CPU
>>>>>>> 6c4f1f6... testing
	EndGlobalSection
EndGlobal
